{
  "meteor": {},
  "dependencies": {
    "basePackages": {
      "iron-router": {
        "git": "https://github.com/kidovate/iron-router.git",
        "branch": "master"
      },
      "bootstrap-3": {},
      "iron-router-progress": {},
      "accounts-ui-bootstrap-3": {},
      "pnotify": {},
      "underscore-string-latest": {},
      "moment": {},
      "font-awesome": {},
      "Bootstrap-Validator": {},
      "bootboxjs": {},
      "dagred3": {}
    },
    "packages": {
      "iron-router": {
        "git": "https://github.com/kidovate/iron-router.git",
        "branch": "master",
        "commit": "25760a7ae3fa2d341d34c11dee0b4c1f60b040e9"
      },
      "bootstrap-3": {
        "git": "https://github.com/mangasocial/meteor-bootstrap-3.git",
        "tag": "v3.1.1-1",
        "commit": "63dd38968828bb8963636df93e9a1c45e2dfe67e"
      },
      "iron-router-progress": {
        "git": "https://github.com/Multiply/iron-router-progress.git",
        "tag": "v0.3.1",
        "commit": "3f7900feb4bb70a1289b39a1fdcd1f438c0335b3"
      },
      "accounts-ui-bootstrap-3": {
        "git": "https://github.com/mangasocial/meteor-accounts-ui-bootstrap-3.git",
        "tag": "v0.3.0-1",
        "commit": "93ffa5d0e325dc7026de89f6d90c178fa04bdd3a"
      },
      "pnotify": {
        "git": "https://github.com/kidovate/meteor-pnotify.git",
        "tag": "v2.0.6",
        "commit": "cbd0bb220d03b20b247e4a6a7bdfc3d2c8064216"
      },
      "underscore-string-latest": {
        "git": "https://github.com/TimHeckel/meteor-underscore-string.git",
        "tag": "v2.3.3",
        "commit": "4a5d70eee48fbd90a6e6fc78747250d704a0b3bb"
      },
      "moment": {
        "git": "https://github.com/acreeger/meteor-moment.git",
        "tag": "v2.5.1",
        "commit": "8c9bc5d3fc96705057737cb9743d555417f6e551"
      },
      "font-awesome": {
        "git": "https://github.com/nate-strauser/meteor-font-awesome.git",
        "tag": "v4.0.3",
        "commit": "61e9361384347547ae144f8228faa4deffda23db"
      },
      "Bootstrap-Validator": {
        "git": "https://github.com/aashuagg/Bootstrap-Validator.git",
        "tag": "v0.0.1",
        "commit": "3e4f9808d86e55315afee4b16080eac991bf8fa4"
      },
      "bootboxjs": {
        "git": "https://github.com/TimHeckel/meteor-bootboxjs.git",
        "tag": "v4.2.0",
        "commit": "2b7d18ad028d9e7b37238ecf2a8a7970735cebd1"
      },
      "dagred3": {
        "git": "https://github.com/kidovate/meteor-dagre-d3.git",
        "tag": "v0.1.95",
        "commit": "1a5cccd0336819681df57343e60b73ea8e1c845d"
      },
      "blaze-layout": {
        "git": "https://github.com/EventedMind/blaze-layout.git",
        "tag": "v0.2.4",
        "commit": "b40e9b0612329288d75cf52ad14a7da64bb8618f"
      }
    }
  }
}
